
Microsoft Visual Studio Solution File, Format Version 12.00
# Visual Studio Version 16
VisualStudioVersion = 16.0.30114.105
MinimumVisualStudioVersion = 10.0.40219.1
Project("{FAE04EC0-301F-11D3-BF4B-00C04F79EFBC}") = "Ws2812LedController.Server", "Ws2812LedController.Server\Ws2812LedController.Server.csproj", "{56D3DF76-4E18-42D7-863C-4253901D1E61}"
EndProject
Project("{FAE04EC0-301F-11D3-BF4B-00C04F79EFBC}") = "Ws2812LedController.WebApi", "Ws2812LedController.WebApi\Ws2812LedController.WebApi.csproj", "{4D5A7A5F-4446-411C-A46C-915708D8BF15}"
EndProject
Project("{FAE04EC0-301F-11D3-BF4B-00C04F79EFBC}") = "Ws2812LedController.Core", "Ws2812LedController.Core\Ws2812LedController.Core.csproj", "{4EB2E228-8E6F-42ED-8C2A-5465C7414F8D}"
EndProject
Project("{FAE04EC0-301F-11D3-BF4B-00C04F79EFBC}") = "Ws2812LedController.Simulator", "Ws2812LedController.Simulator\Ws2812LedController.Simulator.csproj", "{C16B68A9-45F1-488B-BA9A-2324875802B8}"
EndProject
Project("{FAE04EC0-301F-11D3-BF4B-00C04F79EFBC}") = "Ws2812LedController.Lirc", "Ws2812LedController.Lirc\Ws2812LedController.Lirc.csproj", "{2DC47F03-DE50-46CD-B951-BC7FE8873A19}"
EndProject
Project("{FAE04EC0-301F-11D3-BF4B-00C04F79EFBC}") = "EvDevSharp", "EvDevSharp\EvDevSharp.csproj", "{88B67B12-15E5-4084-9E27-5E91EEAEE65C}"
EndProject
Project("{FAE04EC0-301F-11D3-BF4B-00C04F79EFBC}") = "Ws2812LedController.PowerButton", "Ws2812LedController.PowerButton\Ws2812LedController.PowerButton.csproj", "{A558B358-C00A-4C0C-B9C2-25CBD3C64D3F}"
EndProject
Project("{FAE04EC0-301F-11D3-BF4B-00C04F79EFBC}") = "Ws2812LedController.UdpServer", "Ws2812LedController.UdpServer\Ws2812LedController.UdpServer.csproj", "{1A95B1A4-3F05-4902-BEA9-6B0A39A9DB6C}"
EndProject
Project("{FAE04EC0-301F-11D3-BF4B-00C04F79EFBC}") = "UdpProtocolClient", "UdpProtocolClient\UdpProtocolClient.csproj", "{4AA8DF5B-4632-49F6-81FD-A245A2C85909}"
EndProject
Project("{FAE04EC0-301F-11D3-BF4B-00C04F79EFBC}") = "Ws2812LedController.AudioReactive", "Ws2812LedController.AudioReactive\Ws2812LedController.AudioReactive.csproj", "{21C77904-7EE6-41FC-BD26-DDDAD473BEF2}"
EndProject
Project("{FAE04EC0-301F-11D3-BF4B-00C04F79EFBC}") = "libsoundio-sharp", "libsoundio-sharp\libsoundio-sharp\libsoundio-sharp.csproj", "{2933C1AA-5A46-41D9-890B-8099495A0684}"
EndProject
Project("{FAE04EC0-301F-11D3-BF4B-00C04F79EFBC}") = "FluentAvalonia", "FluentAvalonia\FluentAvalonia\FluentAvalonia.csproj", "{041BCC0F-17FC-4BCD-8D9B-8D6D9B8CAE6A}"
EndProject
Project("{FAE04EC0-301F-11D3-BF4B-00C04F79EFBC}") = "Ws2812AudioReactiveClient", "Ws2812AudioReactiveClient\Ws2812AudioReactiveClient.csproj", "{7421A56B-03EF-4EB9-9EF1-653B45FA61F0}"
EndProject
Project("{FAE04EC0-301F-11D3-BF4B-00C04F79EFBC}") = "Ws2812RealtimeDesktopClient", "Ws2812RealtimeDesktopClient\Ws2812RealtimeDesktopClient.csproj", "{ADECF46D-C60C-419C-A701-766946CD94ED}"
EndProject
Project("{FAE04EC0-301F-11D3-BF4B-00C04F79EFBC}") = "ScreenCapture", "..\ScreenCapture\ScreenCapture\ScreenCapture.csproj", "{64AF904B-AD68-47E0-84A3-14A663FBDBA5}"
EndProject
Project("{FAE04EC0-301F-11D3-BF4B-00C04F79EFBC}") = "ScreenCapture.Base", "..\ScreenCapture\ScreenCapture.Base\ScreenCapture.Base.csproj", "{64CF513F-2BE8-485E-BF79-A4466BCFDAAD}"
EndProject
Project("{FAE04EC0-301F-11D3-BF4B-00C04F79EFBC}") = "ScreenCapture.X11", "..\ScreenCapture\ScreenCapture.X11\ScreenCapture.X11.csproj", "{519670D6-5793-47F3-B720-C5BCF785D53E}"
EndProject
Project("{FAE04EC0-301F-11D3-BF4B-00C04F79EFBC}") = "X11", "..\ScreenCapture\X11.Net\X11\X11.csproj", "{295B79BE-2BC9-4924-9F94-9A7E3789E370}"
EndProject
Project("{FAE04EC0-301F-11D3-BF4B-00C04F79EFBC}") = "Ws2812LedController.Ambilight", "Ws2812LedController.Ambilight\Ws2812LedController.Ambilight.csproj", "{F201AE78-52C9-4B97-8BFF-034D010DFFBC}"
EndProject
Project("{FAE04EC0-301F-11D3-BF4B-00C04F79EFBC}") = "Ws2812LedController.HueApi", "Ws2812LedController.HueApi\Ws2812LedController.HueApi.csproj", "{C2B81B9E-86C3-4F66-98B3-D63E8A093265}"
EndProject
Global
	GlobalSection(SolutionConfigurationPlatforms) = preSolution
		Debug|Any CPU = Debug|Any CPU
		Release|Any CPU = Release|Any CPU
	EndGlobalSection
	GlobalSection(SolutionProperties) = preSolution
		HideSolutionNode = FALSE
	EndGlobalSection
	GlobalSection(ProjectConfigurationPlatforms) = postSolution
		{56D3DF76-4E18-42D7-863C-4253901D1E61}.Debug|Any CPU.ActiveCfg = Debug|Any CPU
		{56D3DF76-4E18-42D7-863C-4253901D1E61}.Debug|Any CPU.Build.0 = Debug|Any CPU
		{56D3DF76-4E18-42D7-863C-4253901D1E61}.Release|Any CPU.ActiveCfg = Release|Any CPU
		{56D3DF76-4E18-42D7-863C-4253901D1E61}.Release|Any CPU.Build.0 = Release|Any CPU
		{4D5A7A5F-4446-411C-A46C-915708D8BF15}.Debug|Any CPU.ActiveCfg = Debug|Any CPU
		{4D5A7A5F-4446-411C-A46C-915708D8BF15}.Debug|Any CPU.Build.0 = Debug|Any CPU
		{4D5A7A5F-4446-411C-A46C-915708D8BF15}.Release|Any CPU.ActiveCfg = Release|Any CPU
		{4D5A7A5F-4446-411C-A46C-915708D8BF15}.Release|Any CPU.Build.0 = Release|Any CPU
		{4EB2E228-8E6F-42ED-8C2A-5465C7414F8D}.Debug|Any CPU.ActiveCfg = Debug|Any CPU
		{4EB2E228-8E6F-42ED-8C2A-5465C7414F8D}.Debug|Any CPU.Build.0 = Debug|Any CPU
		{4EB2E228-8E6F-42ED-8C2A-5465C7414F8D}.Release|Any CPU.ActiveCfg = Release|Any CPU
		{4EB2E228-8E6F-42ED-8C2A-5465C7414F8D}.Release|Any CPU.Build.0 = Release|Any CPU
		{C16B68A9-45F1-488B-BA9A-2324875802B8}.Debug|Any CPU.ActiveCfg = Debug|Any CPU
		{C16B68A9-45F1-488B-BA9A-2324875802B8}.Debug|Any CPU.Build.0 = Debug|Any CPU
		{C16B68A9-45F1-488B-BA9A-2324875802B8}.Release|Any CPU.ActiveCfg = Release|Any CPU
		{C16B68A9-45F1-488B-BA9A-2324875802B8}.Release|Any CPU.Build.0 = Release|Any CPU
		{2DC47F03-DE50-46CD-B951-BC7FE8873A19}.Debug|Any CPU.ActiveCfg = Debug|Any CPU
		{2DC47F03-DE50-46CD-B951-BC7FE8873A19}.Debug|Any CPU.Build.0 = Debug|Any CPU
		{2DC47F03-DE50-46CD-B951-BC7FE8873A19}.Release|Any CPU.ActiveCfg = Release|Any CPU
		{2DC47F03-DE50-46CD-B951-BC7FE8873A19}.Release|Any CPU.Build.0 = Release|Any CPU
		{88B67B12-15E5-4084-9E27-5E91EEAEE65C}.Debug|Any CPU.ActiveCfg = Debug|Any CPU
		{88B67B12-15E5-4084-9E27-5E91EEAEE65C}.Debug|Any CPU.Build.0 = Debug|Any CPU
		{88B67B12-15E5-4084-9E27-5E91EEAEE65C}.Release|Any CPU.ActiveCfg = Release|Any CPU
		{88B67B12-15E5-4084-9E27-5E91EEAEE65C}.Release|Any CPU.Build.0 = Release|Any CPU
		{A558B358-C00A-4C0C-B9C2-25CBD3C64D3F}.Debug|Any CPU.ActiveCfg = Debug|Any CPU
		{A558B358-C00A-4C0C-B9C2-25CBD3C64D3F}.Debug|Any CPU.Build.0 = Debug|Any CPU
		{A558B358-C00A-4C0C-B9C2-25CBD3C64D3F}.Release|Any CPU.ActiveCfg = Release|Any CPU
		{A558B358-C00A-4C0C-B9C2-25CBD3C64D3F}.Release|Any CPU.Build.0 = Release|Any CPU
		{1A95B1A4-3F05-4902-BEA9-6B0A39A9DB6C}.Debug|Any CPU.ActiveCfg = Debug|Any CPU
		{1A95B1A4-3F05-4902-BEA9-6B0A39A9DB6C}.Debug|Any CPU.Build.0 = Debug|Any CPU
		{1A95B1A4-3F05-4902-BEA9-6B0A39A9DB6C}.Release|Any CPU.ActiveCfg = Release|Any CPU
		{1A95B1A4-3F05-4902-BEA9-6B0A39A9DB6C}.Release|Any CPU.Build.0 = Release|Any CPU
		{4AA8DF5B-4632-49F6-81FD-A245A2C85909}.Debug|Any CPU.ActiveCfg = Debug|Any CPU
		{4AA8DF5B-4632-49F6-81FD-A245A2C85909}.Debug|Any CPU.Build.0 = Debug|Any CPU
		{4AA8DF5B-4632-49F6-81FD-A245A2C85909}.Release|Any CPU.ActiveCfg = Release|Any CPU
		{4AA8DF5B-4632-49F6-81FD-A245A2C85909}.Release|Any CPU.Build.0 = Release|Any CPU
		{21C77904-7EE6-41FC-BD26-DDDAD473BEF2}.Debug|Any CPU.ActiveCfg = Debug|Any CPU
		{21C77904-7EE6-41FC-BD26-DDDAD473BEF2}.Debug|Any CPU.Build.0 = Debug|Any CPU
		{21C77904-7EE6-41FC-BD26-DDDAD473BEF2}.Release|Any CPU.ActiveCfg = Release|Any CPU
		{21C77904-7EE6-41FC-BD26-DDDAD473BEF2}.Release|Any CPU.Build.0 = Release|Any CPU
		{2933C1AA-5A46-41D9-890B-8099495A0684}.Debug|Any CPU.ActiveCfg = Debug|Any CPU
		{2933C1AA-5A46-41D9-890B-8099495A0684}.Debug|Any CPU.Build.0 = Debug|Any CPU
		{2933C1AA-5A46-41D9-890B-8099495A0684}.Release|Any CPU.ActiveCfg = Release|Any CPU
		{2933C1AA-5A46-41D9-890B-8099495A0684}.Release|Any CPU.Build.0 = Release|Any CPU
		{041BCC0F-17FC-4BCD-8D9B-8D6D9B8CAE6A}.Debug|Any CPU.ActiveCfg = Debug|Any CPU
		{041BCC0F-17FC-4BCD-8D9B-8D6D9B8CAE6A}.Debug|Any CPU.Build.0 = Debug|Any CPU
		{041BCC0F-17FC-4BCD-8D9B-8D6D9B8CAE6A}.Release|Any CPU.ActiveCfg = Release|Any CPU
		{041BCC0F-17FC-4BCD-8D9B-8D6D9B8CAE6A}.Release|Any CPU.Build.0 = Release|Any CPU
		{7421A56B-03EF-4EB9-9EF1-653B45FA61F0}.Debug|Any CPU.ActiveCfg = Debug|Any CPU
		{7421A56B-03EF-4EB9-9EF1-653B45FA61F0}.Debug|Any CPU.Build.0 = Debug|Any CPU
		{7421A56B-03EF-4EB9-9EF1-653B45FA61F0}.Release|Any CPU.ActiveCfg = Release|Any CPU
		{7421A56B-03EF-4EB9-9EF1-653B45FA61F0}.Release|Any CPU.Build.0 = Release|Any CPU
		{ADECF46D-C60C-419C-A701-766946CD94ED}.Debug|Any CPU.ActiveCfg = Debug|Any CPU
		{ADECF46D-C60C-419C-A701-766946CD94ED}.Debug|Any CPU.Build.0 = Debug|Any CPU
		{ADECF46D-C60C-419C-A701-766946CD94ED}.Release|Any CPU.ActiveCfg = Release|Any CPU
		{ADECF46D-C60C-419C-A701-766946CD94ED}.Release|Any CPU.Build.0 = Release|Any CPU
		{64AF904B-AD68-47E0-84A3-14A663FBDBA5}.Debug|Any CPU.ActiveCfg = Debug|Any CPU
		{64AF904B-AD68-47E0-84A3-14A663FBDBA5}.Debug|Any CPU.Build.0 = Debug|Any CPU
		{64AF904B-AD68-47E0-84A3-14A663FBDBA5}.Release|Any CPU.ActiveCfg = Release|Any CPU
		{64AF904B-AD68-47E0-84A3-14A663FBDBA5}.Release|Any CPU.Build.0 = Release|Any CPU
		{64CF513F-2BE8-485E-BF79-A4466BCFDAAD}.Debug|Any CPU.ActiveCfg = Debug|Any CPU
		{64CF513F-2BE8-485E-BF79-A4466BCFDAAD}.Debug|Any CPU.Build.0 = Debug|Any CPU
		{64CF513F-2BE8-485E-BF79-A4466BCFDAAD}.Release|Any CPU.ActiveCfg = Release|Any CPU
		{64CF513F-2BE8-485E-BF79-A4466BCFDAAD}.Release|Any CPU.Build.0 = Release|Any CPU
		{519670D6-5793-47F3-B720-C5BCF785D53E}.Debug|Any CPU.ActiveCfg = Debug|Any CPU
		{519670D6-5793-47F3-B720-C5BCF785D53E}.Debug|Any CPU.Build.0 = Debug|Any CPU
		{519670D6-5793-47F3-B720-C5BCF785D53E}.Release|Any CPU.ActiveCfg = Release|Any CPU
		{519670D6-5793-47F3-B720-C5BCF785D53E}.Release|Any CPU.Build.0 = Release|Any CPU
		{295B79BE-2BC9-4924-9F94-9A7E3789E370}.Debug|Any CPU.ActiveCfg = Debug|Any CPU
		{295B79BE-2BC9-4924-9F94-9A7E3789E370}.Debug|Any CPU.Build.0 = Debug|Any CPU
		{295B79BE-2BC9-4924-9F94-9A7E3789E370}.Release|Any CPU.ActiveCfg = Release|Any CPU
		{295B79BE-2BC9-4924-9F94-9A7E3789E370}.Release|Any CPU.Build.0 = Release|Any CPU
		{F201AE78-52C9-4B97-8BFF-034D010DFFBC}.Debug|Any CPU.ActiveCfg = Debug|Any CPU
		{F201AE78-52C9-4B97-8BFF-034D010DFFBC}.Debug|Any CPU.Build.0 = Debug|Any CPU
		{F201AE78-52C9-4B97-8BFF-034D010DFFBC}.Release|Any CPU.ActiveCfg = Release|Any CPU
		{F201AE78-52C9-4B97-8BFF-034D010DFFBC}.Release|Any CPU.Build.0 = Release|Any CPU
		{C2B81B9E-86C3-4F66-98B3-D63E8A093265}.Debug|Any CPU.ActiveCfg = Debug|Any CPU
		{C2B81B9E-86C3-4F66-98B3-D63E8A093265}.Debug|Any CPU.Build.0 = Debug|Any CPU
		{C2B81B9E-86C3-4F66-98B3-D63E8A093265}.Release|Any CPU.ActiveCfg = Release|Any CPU
		{C2B81B9E-86C3-4F66-98B3-D63E8A093265}.Release|Any CPU.Build.0 = Release|Any CPU
	EndGlobalSection
EndGlobal
